// !$*UTF8*$!
{
	archiveVersion = 1;
	classes = {
	};
	objectVersion = 46;
	objects = {

/* Begin PBXBuildFile section */
		88090EFA1519704600200A4D /* MainWindowViewController.m in Sources */ = {isa = PBXBuildFile; fileRef = 88090EF91519704600200A4D /* MainWindowViewController.m */; };
		88090F16151E7F2C00200A4D /* TimerSettings.m in Sources */ = {isa = PBXBuildFile; fileRef = 88090F15151E7F2C00200A4D /* TimerSettings.m */; };
		88090F19151EA19E00200A4D /* TimerSupply.m in Sources */ = {isa = PBXBuildFile; fileRef = 88090F18151EA19E00200A4D /* TimerSupply.m */; };
		88408AAD151964970035A6A7 /* UIKit.framework in Frameworks */ = {isa = PBXBuildFile; fileRef = 88408AAC151964970035A6A7 /* UIKit.framework */; };
		88408AAF151964970035A6A7 /* Foundation.framework in Frameworks */ = {isa = PBXBuildFile; fileRef = 88408AAE151964970035A6A7 /* Foundation.framework */; };
		88408AB1151964970035A6A7 /* CoreGraphics.framework in Frameworks */ = {isa = PBXBuildFile; fileRef = 88408AB0151964970035A6A7 /* CoreGraphics.framework */; };
		88408AB7151964970035A6A7 /* InfoPlist.strings in Resources */ = {isa = PBXBuildFile; fileRef = 88408AB5151964970035A6A7 /* InfoPlist.strings */; };
		88408AB9151964970035A6A7 /* main.m in Sources */ = {isa = PBXBuildFile; fileRef = 88408AB8151964970035A6A7 /* main.m */; };
		88408ABD151964970035A6A7 /* AppDelegate.m in Sources */ = {isa = PBXBuildFile; fileRef = 88408ABC151964970035A6A7 /* AppDelegate.m */; };
		88408AC0151964970035A6A7 /* MainStoryboard_iPhone.storyboard in Resources */ = {isa = PBXBuildFile; fileRef = 88408ABE151964970035A6A7 /* MainStoryboard_iPhone.storyboard */; };
		88408AC3151964970035A6A7 /* MainStoryboard_iPad.storyboard in Resources */ = {isa = PBXBuildFile; fileRef = 88408AC1151964970035A6A7 /* MainStoryboard_iPad.storyboard */; };
		88408AD1151968650035A6A7 /* Readme in Resources */ = {isa = PBXBuildFile; fileRef = 88408AD0151968650035A6A7 /* Readme */; };
		88408ADE1519696D0035A6A7 /* camera.png in Resources */ = {isa = PBXBuildFile; fileRef = 88408ADA1519696C0035A6A7 /* camera.png */; };
		88408ADF1519696D0035A6A7 /* clock.png in Resources */ = {isa = PBXBuildFile; fileRef = 88408ADB1519696C0035A6A7 /* clock.png */; };
		88408AE01519696D0035A6A7 /* play.png in Resources */ = {isa = PBXBuildFile; fileRef = 88408ADC1519696C0035A6A7 /* play.png */; };
		88408AE11519696D0035A6A7 /* preferences.png in Resources */ = {isa = PBXBuildFile; fileRef = 88408ADD1519696D0035A6A7 /* preferences.png */; };
		88408AE3151969BB0035A6A7 /* plus.png in Resources */ = {isa = PBXBuildFile; fileRef = 88408AE2151969BB0035A6A7 /* plus.png */; };
		885DC8DF152FC80B0050E70F /* timer.xcf in Resources */ = {isa = PBXBuildFile; fileRef = 885DC8DA152FC80B0050E70F /* timer.xcf */; };
		885DC8E2152FC8440050E70F /* timer.114.png in Resources */ = {isa = PBXBuildFile; fileRef = 885DC8E1152FC8440050E70F /* timer.114.png */; };
		885DC8E4152FC8520050E70F /* timer.57.png in Resources */ = {isa = PBXBuildFile; fileRef = 885DC8E3152FC8520050E70F /* timer.57.png */; };
		885DC8E6152FC8630050E70F /* timer.72.png in Resources */ = {isa = PBXBuildFile; fileRef = 885DC8E5152FC8630050E70F /* timer.72.png */; };
		88B52FAC152A85BE00CE8A84 /* Icon-warning.png in Resources */ = {isa = PBXBuildFile; fileRef = 88B52FAB152A85BE00CE8A84 /* Icon-warning.png */; };
		88CE214C152FDD2600832B07 /* timer.144.png in Resources */ = {isa = PBXBuildFile; fileRef = 88CE214B152FDD2600832B07 /* timer.144.png */; };
		88D60B0415279A7F007B5C32 /* ActivatedTimer.m in Sources */ = {isa = PBXBuildFile; fileRef = 88D60B0315279A7F007B5C32 /* ActivatedTimer.m */; };
/* End PBXBuildFile section */

/* Begin PBXFileReference section */
		88090EF81519704600200A4D /* MainWindowViewController.h */ = {isa = PBXFileReference; fileEncoding = 4; lastKnownFileType = sourcecode.c.h; path = MainWindowViewController.h; sourceTree = "<group>"; };
		88090EF91519704600200A4D /* MainWindowViewController.m */ = {isa = PBXFileReference; fileEncoding = 4; lastKnownFileType = sourcecode.c.objc; path = MainWindowViewController.m; sourceTree = "<group>"; };
		88090F14151E7F2C00200A4D /* TimerSettings.h */ = {isa = PBXFileReference; fileEncoding = 4; lastKnownFileType = sourcecode.c.h; path = TimerSettings.h; sourceTree = "<group>"; };
		88090F15151E7F2C00200A4D /* TimerSettings.m */ = {isa = PBXFileReference; fileEncoding = 4; lastKnownFileType = sourcecode.c.objc; path = TimerSettings.m; sourceTree = "<group>"; };
		88090F17151EA19E00200A4D /* TimerSupply.h */ = {isa = PBXFileReference; fileEncoding = 4; lastKnownFileType = sourcecode.c.h; path = TimerSupply.h; sourceTree = "<group>"; };
		88090F18151EA19E00200A4D /* TimerSupply.m */ = {isa = PBXFileReference; fileEncoding = 4; lastKnownFileType = sourcecode.c.objc; path = TimerSupply.m; sourceTree = "<group>"; };
		88408AA8151964970035A6A7 /* Game Clock.app */ = {isa = PBXFileReference; explicitFileType = wrapper.application; includeInIndex = 0; path = "Game Clock.app"; sourceTree = BUILT_PRODUCTS_DIR; };
		88408AAC151964970035A6A7 /* UIKit.framework */ = {isa = PBXFileReference; lastKnownFileType = wrapper.framework; name = UIKit.framework; path = System/Library/Frameworks/UIKit.framework; sourceTree = SDKROOT; };
		88408AAE151964970035A6A7 /* Foundation.framework */ = {isa = PBXFileReference; lastKnownFileType = wrapper.framework; name = Foundation.framework; path = System/Library/Frameworks/Foundation.framework; sourceTree = SDKROOT; };
		88408AB0151964970035A6A7 /* CoreGraphics.framework */ = {isa = PBXFileReference; lastKnownFileType = wrapper.framework; name = CoreGraphics.framework; path = System/Library/Frameworks/CoreGraphics.framework; sourceTree = SDKROOT; };
		88408AB4151964970035A6A7 /* Game Clock-Info.plist */ = {isa = PBXFileReference; lastKnownFileType = text.plist.xml; path = "Game Clock-Info.plist"; sourceTree = "<group>"; };
		88408AB6151964970035A6A7 /* en */ = {isa = PBXFileReference; lastKnownFileType = text.plist.strings; name = en; path = en.lproj/InfoPlist.strings; sourceTree = "<group>"; };
		88408AB8151964970035A6A7 /* main.m */ = {isa = PBXFileReference; lastKnownFileType = sourcecode.c.objc; path = main.m; sourceTree = "<group>"; };
		88408ABA151964970035A6A7 /* Game Clock-Prefix.pch */ = {isa = PBXFileReference; lastKnownFileType = sourcecode.c.h; path = "Game Clock-Prefix.pch"; sourceTree = "<group>"; };
		88408ABB151964970035A6A7 /* AppDelegate.h */ = {isa = PBXFileReference; lastKnownFileType = sourcecode.c.h; path = AppDelegate.h; sourceTree = "<group>"; };
		88408ABC151964970035A6A7 /* AppDelegate.m */ = {isa = PBXFileReference; lastKnownFileType = sourcecode.c.objc; path = AppDelegate.m; sourceTree = "<group>"; };
		88408ABF151964970035A6A7 /* en */ = {isa = PBXFileReference; lastKnownFileType = file.storyboard; name = en; path = en.lproj/MainStoryboard_iPhone.storyboard; sourceTree = "<group>"; };
		88408AC2151964970035A6A7 /* en */ = {isa = PBXFileReference; lastKnownFileType = file.storyboard; name = en; path = en.lproj/MainStoryboard_iPad.storyboard; sourceTree = "<group>"; };
		88408AD0151968650035A6A7 /* Readme */ = {isa = PBXFileReference; fileEncoding = 4; lastKnownFileType = text; path = Readme; sourceTree = "<group>"; };
		88408ADA1519696C0035A6A7 /* camera.png */ = {isa = PBXFileReference; lastKnownFileType = image.png; path = camera.png; sourceTree = "<group>"; };
		88408ADB1519696C0035A6A7 /* clock.png */ = {isa = PBXFileReference; lastKnownFileType = image.png; path = clock.png; sourceTree = "<group>"; };
		88408ADC1519696C0035A6A7 /* play.png */ = {isa = PBXFileReference; lastKnownFileType = image.png; path = play.png; sourceTree = "<group>"; };
		88408ADD1519696D0035A6A7 /* preferences.png */ = {isa = PBXFileReference; lastKnownFileType = image.png; path = preferences.png; sourceTree = "<group>"; };
		88408AE2151969BB0035A6A7 /* plus.png */ = {isa = PBXFileReference; lastKnownFileType = image.png; path = plus.png; sourceTree = "<group>"; };
		885DC8DA152FC80B0050E70F /* timer.xcf */ = {isa = PBXFileReference; lastKnownFileType = file; path = timer.xcf; sourceTree = "<group>"; };
		885DC8E1152FC8440050E70F /* timer.114.png */ = {isa = PBXFileReference; lastKnownFileType = image.png; path = timer.114.png; sourceTree = "<group>"; };
		885DC8E3152FC8520050E70F /* timer.57.png */ = {isa = PBXFileReference; lastKnownFileType = image.png; path = timer.57.png; sourceTree = "<group>"; };
		885DC8E5152FC8630050E70F /* timer.72.png */ = {isa = PBXFileReference; lastKnownFileType = image.png; path = timer.72.png; sourceTree = "<group>"; };
		88B52FAB152A85BE00CE8A84 /* Icon-warning.png */ = {isa = PBXFileReference; lastKnownFileType = image.png; path = "Icon-warning.png"; sourceTree = "<group>"; };
		88CE214B152FDD2600832B07 /* timer.144.png */ = {isa = PBXFileReference; lastKnownFileType = image.png; path = timer.144.png; sourceTree = "<group>"; };
		88D60B0215279A7F007B5C32 /* ActivatedTimer.h */ = {isa = PBXFileReference; fileEncoding = 4; lastKnownFileType = sourcecode.c.h; path = ActivatedTimer.h; sourceTree = "<group>"; };
		88D60B0315279A7F007B5C32 /* ActivatedTimer.m */ = {isa = PBXFileReference; fileEncoding = 4; lastKnownFileType = sourcecode.c.objc; path = ActivatedTimer.m; sourceTree = "<group>"; };
/* End PBXFileReference section */

/* Begin PBXFrameworksBuildPhase section */
		88408AA5151964970035A6A7 /* Frameworks */ = {
			isa = PBXFrameworksBuildPhase;
			buildActionMask = 2147483647;
			files = (
				88408AAD151964970035A6A7 /* UIKit.framework in Frameworks */,
				88408AAF151964970035A6A7 /* Foundation.framework in Frameworks */,
				88408AB1151964970035A6A7 /* CoreGraphics.framework in Frameworks */,
			);
			runOnlyForDeploymentPostprocessing = 0;
		};
/* End PBXFrameworksBuildPhase section */

/* Begin PBXGroup section */
		88408A9D151964970035A6A7 = {
			isa = PBXGroup;
			children = (
				88408AB2151964970035A6A7 /* Game Clock */,
				88408AAB151964970035A6A7 /* Frameworks */,
				88408AA9151964970035A6A7 /* Products */,
			);
			sourceTree = "<group>";
		};
		88408AA9151964970035A6A7 /* Products */ = {
			isa = PBXGroup;
			children = (
				88408AA8151964970035A6A7 /* Game Clock.app */,
			);
			name = Products;
			sourceTree = "<group>";
		};
		88408AAB151964970035A6A7 /* Frameworks */ = {
			isa = PBXGroup;
			children = (
				88408AAC151964970035A6A7 /* UIKit.framework */,
				88408AAE151964970035A6A7 /* Foundation.framework */,
				88408AB0151964970035A6A7 /* CoreGraphics.framework */,
			);
			name = Frameworks;
			sourceTree = "<group>";
		};
		88408AB2151964970035A6A7 /* Game Clock */ = {
			isa = PBXGroup;
			children = (
				88408ABB151964970035A6A7 /* AppDelegate.h */,
				88408ABC151964970035A6A7 /* AppDelegate.m */,
				88408ABE151964970035A6A7 /* MainStoryboard_iPhone.storyboard */,
				88408AC1151964970035A6A7 /* MainStoryboard_iPad.storyboard */,
				88090EF81519704600200A4D /* MainWindowViewController.h */,
				88090EF91519704600200A4D /* MainWindowViewController.m */,
				88090F14151E7F2C00200A4D /* TimerSettings.h */,
				88090F15151E7F2C00200A4D /* TimerSettings.m */,
				88090F17151EA19E00200A4D /* TimerSupply.h */,
				88090F18151EA19E00200A4D /* TimerSupply.m */,
				88D60B0215279A7F007B5C32 /* ActivatedTimer.h */,
				88D60B0315279A7F007B5C32 /* ActivatedTimer.m */,
				88408AB3151964970035A6A7 /* Supporting Files */,
				88408ACF151968520035A6A7 /* Media */,
			);
			path = "Game Clock";
			sourceTree = "<group>";
		};
		88408AB3151964970035A6A7 /* Supporting Files */ = {
			isa = PBXGroup;
			children = (
				88408AB4151964970035A6A7 /* Game Clock-Info.plist */,
				88408AB5151964970035A6A7 /* InfoPlist.strings */,
				88408AB8151964970035A6A7 /* main.m */,
				88408ABA151964970035A6A7 /* Game Clock-Prefix.pch */,
			);
			name = "Supporting Files";
			sourceTree = "<group>";
		};
		88408ACF151968520035A6A7 /* Media */ = {
			isa = PBXGroup;
			children = (
				885DC8D5152FC80B0050E70F /* timer-images */,
				88B52FAB152A85BE00CE8A84 /* Icon-warning.png */,
				88408ADA1519696C0035A6A7 /* camera.png */,
				88408ADB1519696C0035A6A7 /* clock.png */,
				88408ADC1519696C0035A6A7 /* play.png */,
				88408ADD1519696D0035A6A7 /* preferences.png */,
				88408AE2151969BB0035A6A7 /* plus.png */,
				88408AD0151968650035A6A7 /* Readme */,
			);
			name = Media;
			sourceTree = "<group>";
		};
		885DC8D5152FC80B0050E70F /* timer-images */ = {
			isa = PBXGroup;
			children = (
				885DC8E5152FC8630050E70F /* timer.72.png */,
				885DC8E3152FC8520050E70F /* timer.57.png */,
				885DC8E1152FC8440050E70F /* timer.114.png */,
				88CE214B152FDD2600832B07 /* timer.144.png */,
				885DC8DA152FC80B0050E70F /* timer.xcf */,
			);
			path = "timer-images";
			sourceTree = "<group>";
		};
/* End PBXGroup section */

/* Begin PBXNativeTarget section */
		88408AA7151964970035A6A7 /* Game Clock */ = {
			isa = PBXNativeTarget;
			buildConfigurationList = 88408AC9151964970035A6A7 /* Build configuration list for PBXNativeTarget "Game Clock" */;
			buildPhases = (
				88408AA4151964970035A6A7 /* Sources */,
				88408AA5151964970035A6A7 /* Frameworks */,
				88408AA6151964970035A6A7 /* Resources */,
			);
			buildRules = (
			);
			dependencies = (
			);
			name = "Game Clock";
			productName = "Game Clock";
			productReference = 88408AA8151964970035A6A7 /* Game Clock.app */;
			productType = "com.apple.product-type.application";
		};
/* End PBXNativeTarget section */

/* Begin PBXProject section */
		88408A9F151964970035A6A7 /* Project object */ = {
			isa = PBXProject;
			attributes = {
				LastUpgradeCheck = 0420;
			};
			buildConfigurationList = 88408AA2151964970035A6A7 /* Build configuration list for PBXProject "Game Clock" */;
			compatibilityVersion = "Xcode 3.2";
			developmentRegion = English;
			hasScannedForEncodings = 0;
			knownRegions = (
				en,
			);
			mainGroup = 88408A9D151964970035A6A7;
			productRefGroup = 88408AA9151964970035A6A7 /* Products */;
			projectDirPath = "";
			projectRoot = "";
			targets = (
				88408AA7151964970035A6A7 /* Game Clock */,
			);
		};
/* End PBXProject section */

/* Begin PBXResourcesBuildPhase section */
		88408AA6151964970035A6A7 /* Resources */ = {
			isa = PBXResourcesBuildPhase;
			buildActionMask = 2147483647;
			files = (
				88408AB7151964970035A6A7 /* InfoPlist.strings in Resources */,
				88408AC0151964970035A6A7 /* MainStoryboard_iPhone.storyboard in Resources */,
				88408AC3151964970035A6A7 /* MainStoryboard_iPad.storyboard in Resources */,
				88408AD1151968650035A6A7 /* Readme in Resources */,
				88408ADE1519696D0035A6A7 /* camera.png in Resources */,
				88408ADF1519696D0035A6A7 /* clock.png in Resources */,
				88408AE01519696D0035A6A7 /* play.png in Resources */,
				88408AE11519696D0035A6A7 /* preferences.png in Resources */,
				88408AE3151969BB0035A6A7 /* plus.png in Resources */,
				88B52FAC152A85BE00CE8A84 /* Icon-warning.png in Resources */,
				885DC8DF152FC80B0050E70F /* timer.xcf in Resources */,
				885DC8E2152FC8440050E70F /* timer.114.png in Resources */,
				885DC8E4152FC8520050E70F /* timer.57.png in Resources */,
				885DC8E6152FC8630050E70F /* timer.72.png in Resources */,
				88CE214C152FDD2600832B07 /* timer.144.png in Resources */,
			);
			runOnlyForDeploymentPostprocessing = 0;
		};
/* End PBXResourcesBuildPhase section */

/* Begin PBXSourcesBuildPhase section */
		88408AA4151964970035A6A7 /* Sources */ = {
			isa = PBXSourcesBuildPhase;
			buildActionMask = 2147483647;
			files = (
				88408AB9151964970035A6A7 /* main.m in Sources */,
				88408ABD151964970035A6A7 /* AppDelegate.m in Sources */,
				88090EFA1519704600200A4D /* MainWindowViewController.m in Sources */,
				88090F16151E7F2C00200A4D /* TimerSettings.m in Sources */,
				88090F19151EA19E00200A4D /* TimerSupply.m in Sources */,
				88D60B0415279A7F007B5C32 /* ActivatedTimer.m in Sources */,
			);
			runOnlyForDeploymentPostprocessing = 0;
		};
/* End PBXSourcesBuildPhase section */

/* Begin PBXVariantGroup section */
		88408AB5151964970035A6A7 /* InfoPlist.strings */ = {
			isa = PBXVariantGroup;
			children = (
				88408AB6151964970035A6A7 /* en */,
			);
			name = InfoPlist.strings;
			sourceTree = "<group>";
		};
		88408ABE151964970035A6A7 /* MainStoryboard_iPhone.storyboard */ = {
			isa = PBXVariantGroup;
			children = (
				88408ABF151964970035A6A7 /* en */,
			);
			name = MainStoryboard_iPhone.storyboard;
			sourceTree = "<group>";
		};
		88408AC1151964970035A6A7 /* MainStoryboard_iPad.storyboard */ = {
			isa = PBXVariantGroup;
			children = (
				88408AC2151964970035A6A7 /* en */,
			);
			name = MainStoryboard_iPad.storyboard;
			sourceTree = "<group>";
		};
/* End PBXVariantGroup section */

/* Begin XCBuildConfiguration section */
		88408AC7151964970035A6A7 /* Debug */ = {
			isa = XCBuildConfiguration;
			buildSettings = {
				ALWAYS_SEARCH_USER_PATHS = NO;
				ARCHS = "$(ARCHS_STANDARD_32_BIT)";
				CLANG_ENABLE_OBJC_ARC = YES;
				"CODE_SIGN_IDENTITY[sdk=iphoneos*]" = "iPhone Developer";
				COPY_PHASE_STRIP = NO;
				GCC_C_LANGUAGE_STANDARD = gnu99;
				GCC_DYNAMIC_NO_PIC = NO;
				GCC_OPTIMIZATION_LEVEL = 0;
				GCC_PREPROCESSOR_DEFINITIONS = (
					"DEBUG=1",
					"$(inherited)",
				);
				GCC_SYMBOLS_PRIVATE_EXTERN = NO;
				GCC_VERSION = com.apple.compilers.llvm.clang.1_0;
				GCC_WARN_ABOUT_MISSING_PROTOTYPES = YES;
				GCC_WARN_ABOUT_RETURN_TYPE = YES;
				GCC_WARN_UNUSED_VARIABLE = YES;
				IPHONEOS_DEPLOYMENT_TARGET = 5.0;
				SDKROOT = iphoneos;
				TARGETED_DEVICE_FAMILY = "1,2";
			};
			name = Debug;
		};
		88408AC8151964970035A6A7 /* Release */ = {
			isa = XCBuildConfiguration;
			buildSettings = {
				ALWAYS_SEARCH_USER_PATHS = NO;
				ARCHS = "$(ARCHS_STANDARD_32_BIT)";
				CLANG_ENABLE_OBJC_ARC = YES;
				"CODE_SIGN_IDENTITY[sdk=iphoneos*]" = "iPhone Developer";
				COPY_PHASE_STRIP = YES;
				GCC_C_LANGUAGE_STANDARD = gnu99;
				GCC_VERSION = com.apple.compilers.llvm.clang.1_0;
				GCC_WARN_ABOUT_MISSING_PROTOTYPES = YES;
				GCC_WARN_ABOUT_RETURN_TYPE = YES;
				GCC_WARN_UNUSED_VARIABLE = YES;
				IPHONEOS_DEPLOYMENT_TARGET = 5.0;
				OTHER_CFLAGS = "-DNS_BLOCK_ASSERTIONS=1";
				SDKROOT = iphoneos;
				TARGETED_DEVICE_FAMILY = "1,2";
				VALIDATE_PRODUCT = YES;
			};
			name = Release;
		};
		88408ACA151964970035A6A7 /* Debug */ = {
			isa = XCBuildConfiguration;
			buildSettings = {
				GCC_PRECOMPILE_PREFIX_HEADER = YES;
				GCC_PREFIX_HEADER = "Game Clock/Game Clock-Prefix.pch";
				INFOPLIST_FILE = "Game Clock/Game Clock-Info.plist";
				PRODUCT_NAME = "$(TARGET_NAME)";
				WRAPPER_EXTENSION = app;
			};
			name = Debug;
		};
		88408ACB151964970035A6A7 /* Release */ = {
			isa = XCBuildConfiguration;
			buildSettings = {
				GCC_PRECOMPILE_PREFIX_HEADER = YES;
				GCC_PREFIX_HEADER = "Game Clock/Game Clock-Prefix.pch";
				INFOPLIST_FILE = "Game Clock/Game Clock-Info.plist";
				PRODUCT_NAME = "$(TARGET_NAME)";
				WRAPPER_EXTENSION = app;
			};
			name = Release;
		};
/* End XCBuildConfiguration section */

/* Begin XCConfigurationList section */
		88408AA2151964970035A6A7 /* Build configuration list for PBXProject "Game Clock" */ = {
			isa = XCConfigurationList;
			buildConfigurations = (
				88408AC7151964970035A6A7 /* Debug */,
				88408AC8151964970035A6A7 /* Release */,
			);
			defaultConfigurationIsVisible = 0;
			defaultConfigurationName = Release;
		};
		88408AC9151964970035A6A7 /* Build configuration list for PBXNativeTarget "Game Clock" */ = {
			isa = XCConfigurationList;
			buildConfigurations = (
				88408ACA151964970035A6A7 /* Debug */,
				88408ACB151964970035A6A7 /* Release */,
			);
			defaultConfigurationIsVisible = 0;
			defaultConfigurationName = Release;
		};
/* End XCConfigurationList section */
	};
	rootObject = 88408A9F151964970035A6A7 /* Project object */;
}
